// !$*UTF8*$!
{
	archiveVersion = 1;
	classes = {
	};
	objectVersion = 48;
	objects = {

/* Begin PBXBuildFile section */
		B5725D531EF90DF400C4BA1A /* AppDelegate.swift in Sources */ = {isa = PBXBuildFile; fileRef = B5725D521EF90DF400C4BA1A /* AppDelegate.swift */; };
		B5725D551EF90DF400C4BA1A /* ViewController.swift in Sources */ = {isa = PBXBuildFile; fileRef = B5725D541EF90DF400C4BA1A /* ViewController.swift */; };
		B5725D581EF90DF400C4BA1A /* Main.storyboard in Resources */ = {isa = PBXBuildFile; fileRef = B5725D561EF90DF400C4BA1A /* Main.storyboard */; };
		B5725D5B1EF90DF400C4BA1A /* packagesw_mini.xcdatamodeld in Sources */ = {isa = PBXBuildFile; fileRef = B5725D591EF90DF400C4BA1A /* packagesw_mini.xcdatamodeld */; };
		B5725D5D1EF90DF400C4BA1A /* Assets.xcassets in Resources */ = {isa = PBXBuildFile; fileRef = B5725D5C1EF90DF400C4BA1A /* Assets.xcassets */; };
		B5725D601EF90DF400C4BA1A /* LaunchScreen.storyboard in Resources */ = {isa = PBXBuildFile; fileRef = B5725D5E1EF90DF400C4BA1A /* LaunchScreen.storyboard */; };
		B5725D6B1EF90DF400C4BA1A /* packagesw_miniTests.swift in Sources */ = {isa = PBXBuildFile; fileRef = B5725D6A1EF90DF400C4BA1A /* packagesw_miniTests.swift */; };
		B5725D761EF90DF400C4BA1A /* packagesw_miniUITests.swift in Sources */ = {isa = PBXBuildFile; fileRef = B5725D751EF90DF400C4BA1A /* packagesw_miniUITests.swift */; };
/* End PBXBuildFile section */

/* Begin PBXContainerItemProxy section */
		B5725D671EF90DF400C4BA1A /* PBXContainerItemProxy */ = {
			isa = PBXContainerItemProxy;
			containerPortal = B5725D471EF90DF300C4BA1A /* Project object */;
			proxyType = 1;
			remoteGlobalIDString = B5725D4E1EF90DF400C4BA1A;
			remoteInfo = "packagesw-mini";
		};
		B5725D721EF90DF400C4BA1A /* PBXContainerItemProxy */ = {
			isa = PBXContainerItemProxy;
			containerPortal = B5725D471EF90DF300C4BA1A /* Project object */;
			proxyType = 1;
			remoteGlobalIDString = B5725D4E1EF90DF400C4BA1A;
			remoteInfo = "packagesw-mini";
		};
/* End PBXContainerItemProxy section */

/* Begin PBXFileReference section */
		B5725D4F1EF90DF400C4BA1A /* packagesw-mini.app */ = {isa = PBXFileReference; explicitFileType = wrapper.application; includeInIndex = 0; path = "packagesw-mini.app"; sourceTree = BUILT_PRODUCTS_DIR; };
		B5725D521EF90DF400C4BA1A /* AppDelegate.swift */ = {isa = PBXFileReference; lastKnownFileType = sourcecode.swift; path = AppDelegate.swift; sourceTree = "<group>"; };
		B5725D541EF90DF400C4BA1A /* ViewController.swift */ = {isa = PBXFileReference; lastKnownFileType = sourcecode.swift; path = ViewController.swift; sourceTree = "<group>"; };
		B5725D571EF90DF400C4BA1A /* Base */ = {isa = PBXFileReference; lastKnownFileType = file.storyboard; name = Base; path = Base.lproj/Main.storyboard; sourceTree = "<group>"; };
		B5725D5A1EF90DF400C4BA1A /* packagesw_mini.xcdatamodel */ = {isa = PBXFileReference; lastKnownFileType = wrapper.xcdatamodel; path = packagesw_mini.xcdatamodel; sourceTree = "<group>"; };
		B5725D5C1EF90DF400C4BA1A /* Assets.xcassets */ = {isa = PBXFileReference; lastKnownFileType = folder.assetcatalog; path = Assets.xcassets; sourceTree = "<group>"; };
		B5725D5F1EF90DF400C4BA1A /* Base */ = {isa = PBXFileReference; lastKnownFileType = file.storyboard; name = Base; path = Base.lproj/LaunchScreen.storyboard; sourceTree = "<group>"; };
		B5725D611EF90DF400C4BA1A /* Info.plist */ = {isa = PBXFileReference; lastKnownFileType = text.plist.xml; path = Info.plist; sourceTree = "<group>"; };
		B5725D661EF90DF400C4BA1A /* packagesw-miniTests.xctest */ = {isa = PBXFileReference; explicitFileType = wrapper.cfbundle; includeInIndex = 0; path = "packagesw-miniTests.xctest"; sourceTree = BUILT_PRODUCTS_DIR; };
		B5725D6A1EF90DF400C4BA1A /* packagesw_miniTests.swift */ = {isa = PBXFileReference; lastKnownFileType = sourcecode.swift; path = packagesw_miniTests.swift; sourceTree = "<group>"; };
		B5725D6C1EF90DF400C4BA1A /* Info.plist */ = {isa = PBXFileReference; lastKnownFileType = text.plist.xml; path = Info.plist; sourceTree = "<group>"; };
		B5725D711EF90DF400C4BA1A /* packagesw-miniUITests.xctest */ = {isa = PBXFileReference; explicitFileType = wrapper.cfbundle; includeInIndex = 0; path = "packagesw-miniUITests.xctest"; sourceTree = BUILT_PRODUCTS_DIR; };
		B5725D751EF90DF400C4BA1A /* packagesw_miniUITests.swift */ = {isa = PBXFileReference; lastKnownFileType = sourcecode.swift; path = packagesw_miniUITests.swift; sourceTree = "<group>"; };
		B5725D771EF90DF400C4BA1A /* Info.plist */ = {isa = PBXFileReference; lastKnownFileType = text.plist.xml; path = Info.plist; sourceTree = "<group>"; };
/* End PBXFileReference section */

/* Begin PBXFrameworksBuildPhase section */
		B5725D4C1EF90DF400C4BA1A /* Frameworks */ = {
			isa = PBXFrameworksBuildPhase;
			buildActionMask = 2147483647;
			files = (
			);
			runOnlyForDeploymentPostprocessing = 0;
		};
		B5725D631EF90DF400C4BA1A /* Frameworks */ = {
			isa = PBXFrameworksBuildPhase;
			buildActionMask = 2147483647;
			files = (
			);
			runOnlyForDeploymentPostprocessing = 0;
		};
		B5725D6E1EF90DF400C4BA1A /* Frameworks */ = {
			isa = PBXFrameworksBuildPhase;
			buildActionMask = 2147483647;
			files = (
			);
			runOnlyForDeploymentPostprocessing = 0;
		};
/* End PBXFrameworksBuildPhase section */

/* Begin PBXGroup section */
		B5725D461EF90DF300C4BA1A = {
			isa = PBXGroup;
			children = (
				B5725D511EF90DF400C4BA1A /* packagesw-mini */,
				B5725D691EF90DF400C4BA1A /* packagesw-miniTests */,
				B5725D741EF90DF400C4BA1A /* packagesw-miniUITests */,
				B5725D501EF90DF400C4BA1A /* Products */,
			);
			sourceTree = "<group>";
		};
		B5725D501EF90DF400C4BA1A /* Products */ = {
			isa = PBXGroup;
			children = (
				B5725D4F1EF90DF400C4BA1A /* packagesw-mini.app */,
				B5725D661EF90DF400C4BA1A /* packagesw-miniTests.xctest */,
				B5725D711EF90DF400C4BA1A /* packagesw-miniUITests.xctest */,
			);
			name = Products;
			sourceTree = "<group>";
		};
		B5725D511EF90DF400C4BA1A /* packagesw-mini */ = {
			isa = PBXGroup;
			children = (
				B5725D521EF90DF400C4BA1A /* AppDelegate.swift */,
				B5725D541EF90DF400C4BA1A /* ViewController.swift */,
				B5725D561EF90DF400C4BA1A /* Main.storyboard */,
				B5725D5C1EF90DF400C4BA1A /* Assets.xcassets */,
				B5725D5E1EF90DF400C4BA1A /* LaunchScreen.storyboard */,
				B5725D611EF90DF400C4BA1A /* Info.plist */,
				B5725D591EF90DF400C4BA1A /* packagesw_mini.xcdatamodeld */,
			);
			path = "packagesw-mini";
			sourceTree = "<group>";
		};
		B5725D691EF90DF400C4BA1A /* packagesw-miniTests */ = {
			isa = PBXGroup;
			children = (
				B5725D6A1EF90DF400C4BA1A /* packagesw_miniTests.swift */,
				B5725D6C1EF90DF400C4BA1A /* Info.plist */,
			);
			path = "packagesw-miniTests";
			sourceTree = "<group>";
		};
		B5725D741EF90DF400C4BA1A /* packagesw-miniUITests */ = {
			isa = PBXGroup;
			children = (
				B5725D751EF90DF400C4BA1A /* packagesw_miniUITests.swift */,
				B5725D771EF90DF400C4BA1A /* Info.plist */,
			);
			path = "packagesw-miniUITests";
			sourceTree = "<group>";
		};
/* End PBXGroup section */

/* Begin PBXNativeTarget section */
		B5725D4E1EF90DF400C4BA1A /* packagesw-mini */ = {
			isa = PBXNativeTarget;
			buildConfigurationList = B5725D7A1EF90DF400C4BA1A /* Build configuration list for PBXNativeTarget "packagesw-mini" */;
			buildPhases = (
				B5725D4B1EF90DF400C4BA1A /* Sources */,
				B5725D4C1EF90DF400C4BA1A /* Frameworks */,
				B5725D4D1EF90DF400C4BA1A /* Resources */,
			);
			buildRules = (
			);
			dependencies = (
			);
			name = "packagesw-mini";
			productName = "packagesw-mini";
			productReference = B5725D4F1EF90DF400C4BA1A /* packagesw-mini.app */;
			productType = "com.apple.product-type.application";
		};
		B5725D651EF90DF400C4BA1A /* packagesw-miniTests */ = {
			isa = PBXNativeTarget;
			buildConfigurationList = B5725D7D1EF90DF400C4BA1A /* Build configuration list for PBXNativeTarget "packagesw-miniTests" */;
			buildPhases = (
				B5725D621EF90DF400C4BA1A /* Sources */,
				B5725D631EF90DF400C4BA1A /* Frameworks */,
				B5725D641EF90DF400C4BA1A /* Resources */,
			);
			buildRules = (
			);
			dependencies = (
				B5725D681EF90DF400C4BA1A /* PBXTargetDependency */,
			);
			name = "packagesw-miniTests";
			productName = "packagesw-miniTests";
			productReference = B5725D661EF90DF400C4BA1A /* packagesw-miniTests.xctest */;
			productType = "com.apple.product-type.bundle.unit-test";
		};
		B5725D701EF90DF400C4BA1A /* packagesw-miniUITests */ = {
			isa = PBXNativeTarget;
			buildConfigurationList = B5725D801EF90DF400C4BA1A /* Build configuration list for PBXNativeTarget "packagesw-miniUITests" */;
			buildPhases = (
				B5725D6D1EF90DF400C4BA1A /* Sources */,
				B5725D6E1EF90DF400C4BA1A /* Frameworks */,
				B5725D6F1EF90DF400C4BA1A /* Resources */,
			);
			buildRules = (
			);
			dependencies = (
				B5725D731EF90DF400C4BA1A /* PBXTargetDependency */,
			);
			name = "packagesw-miniUITests";
			productName = "packagesw-miniUITests";
			productReference = B5725D711EF90DF400C4BA1A /* packagesw-miniUITests.xctest */;
			productType = "com.apple.product-type.bundle.ui-testing";
		};
/* End PBXNativeTarget section */

/* Begin PBXProject section */
		B5725D471EF90DF300C4BA1A /* Project object */ = {
			isa = PBXProject;
			attributes = {
				LastSwiftUpdateCheck = 0900;
				LastUpgradeCheck = 0900;
				ORGANIZATIONNAME = "tony shao";
				TargetAttributes = {
					B5725D4E1EF90DF400C4BA1A = {
						CreatedOnToolsVersion = 9.0;
						ProvisioningStyle = Manual;
					};
					B5725D651EF90DF400C4BA1A = {
						CreatedOnToolsVersion = 9.0;
						TestTargetID = B5725D4E1EF90DF400C4BA1A;
					};
					B5725D701EF90DF400C4BA1A = {
						CreatedOnToolsVersion = 9.0;
						TestTargetID = B5725D4E1EF90DF400C4BA1A;
					};
				};
			};
			buildConfigurationList = B5725D4A1EF90DF300C4BA1A /* Build configuration list for PBXProject "packagesw-mini" */;
			compatibilityVersion = "Xcode 8.0";
			developmentRegion = en;
			hasScannedForEncodings = 0;
			knownRegions = (
				en,
				Base,
			);
			mainGroup = B5725D461EF90DF300C4BA1A;
			productRefGroup = B5725D501EF90DF400C4BA1A /* Products */;
			projectDirPath = "";
			projectRoot = "";
			targets = (
				B5725D4E1EF90DF400C4BA1A /* packagesw-mini */,
				B5725D651EF90DF400C4BA1A /* packagesw-miniTests */,
				B5725D701EF90DF400C4BA1A /* packagesw-miniUITests */,
			);
		};
/* End PBXProject section */

/* Begin PBXResourcesBuildPhase section */
		B5725D4D1EF90DF400C4BA1A /* Resources */ = {
			isa = PBXResourcesBuildPhase;
			buildActionMask = 2147483647;
			files = (
				B5725D601EF90DF400C4BA1A /* LaunchScreen.storyboard in Resources */,
				B5725D5D1EF90DF400C4BA1A /* Assets.xcassets in Resources */,
				B5725D581EF90DF400C4BA1A /* Main.storyboard in Resources */,
			);
			runOnlyForDeploymentPostprocessing = 0;
		};
		B5725D641EF90DF400C4BA1A /* Resources */ = {
			isa = PBXResourcesBuildPhase;
			buildActionMask = 2147483647;
			files = (
			);
			runOnlyForDeploymentPostprocessing = 0;
		};
		B5725D6F1EF90DF400C4BA1A /* Resources */ = {
			isa = PBXResourcesBuildPhase;
			buildActionMask = 2147483647;
			files = (
			);
			runOnlyForDeploymentPostprocessing = 0;
		};
/* End PBXResourcesBuildPhase section */

/* Begin PBXSourcesBuildPhase section */
		B5725D4B1EF90DF400C4BA1A /* Sources */ = {
			isa = PBXSourcesBuildPhase;
			buildActionMask = 2147483647;
			files = (
				B5725D551EF90DF400C4BA1A /* ViewController.swift in Sources */,
				B5725D531EF90DF400C4BA1A /* AppDelegate.swift in Sources */,
				B5725D5B1EF90DF400C4BA1A /* packagesw_mini.xcdatamodeld in Sources */,
			);
			runOnlyForDeploymentPostprocessing = 0;
		};
		B5725D621EF90DF400C4BA1A /* Sources */ = {
			isa = PBXSourcesBuildPhase;
			buildActionMask = 2147483647;
			files = (
				B5725D6B1EF90DF400C4BA1A /* packagesw_miniTests.swift in Sources */,
			);
			runOnlyForDeploymentPostprocessing = 0;
		};
		B5725D6D1EF90DF400C4BA1A /* Sources */ = {
			isa = PBXSourcesBuildPhase;
			buildActionMask = 2147483647;
			files = (
				B5725D761EF90DF400C4BA1A /* packagesw_miniUITests.swift in Sources */,
			);
			runOnlyForDeploymentPostprocessing = 0;
		};
/* End PBXSourcesBuildPhase section */

/* Begin PBXTargetDependency section */
		B5725D681EF90DF400C4BA1A /* PBXTargetDependency */ = {
			isa = PBXTargetDependency;
			target = B5725D4E1EF90DF400C4BA1A /* packagesw-mini */;
			targetProxy = B5725D671EF90DF400C4BA1A /* PBXContainerItemProxy */;
		};
		B5725D731EF90DF400C4BA1A /* PBXTargetDependency */ = {
			isa = PBXTargetDependency;
			target = B5725D4E1EF90DF400C4BA1A /* packagesw-mini */;
			targetProxy = B5725D721EF90DF400C4BA1A /* PBXContainerItemProxy */;
		};
/* End PBXTargetDependency section */

/* Begin PBXVariantGroup section */
		B5725D561EF90DF400C4BA1A /* Main.storyboard */ = {
			isa = PBXVariantGroup;
			children = (
				B5725D571EF90DF400C4BA1A /* Base */,
			);
			name = Main.storyboard;
			sourceTree = "<group>";
		};
		B5725D5E1EF90DF400C4BA1A /* LaunchScreen.storyboard */ = {
			isa = PBXVariantGroup;
			children = (
				B5725D5F1EF90DF400C4BA1A /* Base */,
			);
			name = LaunchScreen.storyboard;
			sourceTree = "<group>";
		};
/* End PBXVariantGroup section */

/* Begin XCBuildConfiguration section */
		B5725D781EF90DF400C4BA1A /* Debug */ = {
			isa = XCBuildConfiguration;
			buildSettings = {
				ALWAYS_SEARCH_USER_PATHS = NO;
				CLANG_ANALYZER_NONNULL = YES;
				CLANG_ANALYZER_NUMBER_OBJECT_CONVERSION = YES_AGGRESSIVE;
				CLANG_CXX_LANGUAGE_STANDARD = "gnu++14";
				CLANG_CXX_LIBRARY = "libc++";
				CLANG_ENABLE_MODULES = YES;
				CLANG_ENABLE_OBJC_ARC = YES;
				CLANG_WARN_BLOCK_CAPTURE_AUTORELEASING = YES;
				CLANG_WARN_BOOL_CONVERSION = YES;
				CLANG_WARN_COMMA = YES;
				CLANG_WARN_CONSTANT_CONVERSION = YES;
				CLANG_WARN_DIRECT_OBJC_ISA_USAGE = YES_ERROR;
				CLANG_WARN_DOCUMENTATION_COMMENTS = YES;
				CLANG_WARN_EMPTY_BODY = YES;
				CLANG_WARN_ENUM_CONVERSION = YES;
				CLANG_WARN_INFINITE_RECURSION = YES;
				CLANG_WARN_INT_CONVERSION = YES;
				CLANG_WARN_OBJC_ROOT_CLASS = YES_ERROR;
				CLANG_WARN_RANGE_LOOP_ANALYSIS = YES;
				CLANG_WARN_STRICT_PROTOTYPES = YES;
				CLANG_WARN_SUSPICIOUS_MOVE = YES;
				CLANG_WARN_UNGUARDED_AVAILABILITY = YES_AGGRESSIVE;
				CLANG_WARN_UNREACHABLE_CODE = YES;
				CLANG_WARN__DUPLICATE_METHOD_MATCH = YES;
				CODE_SIGN_IDENTITY = "iPhone Developer";
				COPY_PHASE_STRIP = NO;
				DEBUG_INFORMATION_FORMAT = dwarf;
				ENABLE_STRICT_OBJC_MSGSEND = YES;
				ENABLE_TESTABILITY = YES;
				GCC_C_LANGUAGE_STANDARD = gnu11;
				GCC_DYNAMIC_NO_PIC = NO;
				GCC_NO_COMMON_BLOCKS = YES;
				GCC_OPTIMIZATION_LEVEL = 0;
				GCC_PREPROCESSOR_DEFINITIONS = (
					"DEBUG=1",
					"$(inherited)",
				);
				GCC_WARN_64_TO_32_BIT_CONVERSION = YES;
				GCC_WARN_ABOUT_RETURN_TYPE = YES_ERROR;
				GCC_WARN_UNDECLARED_SELECTOR = YES;
				GCC_WARN_UNINITIALIZED_AUTOS = YES_AGGRESSIVE;
				GCC_WARN_UNUSED_FUNCTION = YES;
				GCC_WARN_UNUSED_VARIABLE = YES;
				IPHONEOS_DEPLOYMENT_TARGET = 11.0;
				MTL_ENABLE_DEBUG_INFO = YES;
				ONLY_ACTIVE_ARCH = YES;
				SDKROOT = iphoneos;
				SWIFT_ACTIVE_COMPILATION_CONDITIONS = DEBUG;
				SWIFT_OPTIMIZATION_LEVEL = "-Onone";
			};
			name = Debug;
		};
		B5725D791EF90DF400C4BA1A /* Release */ = {
			isa = XCBuildConfiguration;
			buildSettings = {
				ALWAYS_SEARCH_USER_PATHS = NO;
				CLANG_ANALYZER_NONNULL = YES;
				CLANG_ANALYZER_NUMBER_OBJECT_CONVERSION = YES_AGGRESSIVE;
				CLANG_CXX_LANGUAGE_STANDARD = "gnu++14";
				CLANG_CXX_LIBRARY = "libc++";
				CLANG_ENABLE_MODULES = YES;
				CLANG_ENABLE_OBJC_ARC = YES;
				CLANG_WARN_BLOCK_CAPTURE_AUTORELEASING = YES;
				CLANG_WARN_BOOL_CONVERSION = YES;
				CLANG_WARN_COMMA = YES;
				CLANG_WARN_CONSTANT_CONVERSION = YES;
				CLANG_WARN_DIRECT_OBJC_ISA_USAGE = YES_ERROR;
				CLANG_WARN_DOCUMENTATION_COMMENTS = YES;
				CLANG_WARN_EMPTY_BODY = YES;
				CLANG_WARN_ENUM_CONVERSION = YES;
				CLANG_WARN_INFINITE_RECURSION = YES;
				CLANG_WARN_INT_CONVERSION = YES;
				CLANG_WARN_OBJC_ROOT_CLASS = YES_ERROR;
				CLANG_WARN_RANGE_LOOP_ANALYSIS = YES;
				CLANG_WARN_STRICT_PROTOTYPES = YES;
				CLANG_WARN_SUSPICIOUS_MOVE = YES;
				CLANG_WARN_UNGUARDED_AVAILABILITY = YES_AGGRESSIVE;
				CLANG_WARN_UNREACHABLE_CODE = YES;
				CLANG_WARN__DUPLICATE_METHOD_MATCH = YES;
				CODE_SIGN_IDENTITY = "iPhone Developer";
				COPY_PHASE_STRIP = NO;
				DEBUG_INFORMATION_FORMAT = "dwarf-with-dsym";
				ENABLE_NS_ASSERTIONS = NO;
				ENABLE_STRICT_OBJC_MSGSEND = YES;
				GCC_C_LANGUAGE_STANDARD = gnu11;
				GCC_NO_COMMON_BLOCKS = YES;
				GCC_WARN_64_TO_32_BIT_CONVERSION = YES;
				GCC_WARN_ABOUT_RETURN_TYPE = YES_ERROR;
				GCC_WARN_UNDECLARED_SELECTOR = YES;
				GCC_WARN_UNINITIALIZED_AUTOS = YES_AGGRESSIVE;
				GCC_WARN_UNUSED_FUNCTION = YES;
				GCC_WARN_UNUSED_VARIABLE = YES;
				IPHONEOS_DEPLOYMENT_TARGET = 11.0;
				MTL_ENABLE_DEBUG_INFO = NO;
				SDKROOT = iphoneos;
				SWIFT_OPTIMIZATION_LEVEL = "-Owholemodule";
				VALIDATE_PRODUCT = YES;
			};
			name = Release;
		};
		B5725D7B1EF90DF400C4BA1A /* Debug */ = {
			isa = XCBuildConfiguration;
			buildSettings = {
				ASSETCATALOG_COMPILER_APPICON_NAME = AppIcon;
				"CODE_SIGN_IDENTITY[sdk=iphoneos*]" = "iPhone Developer";
				CODE_SIGN_STYLE = Manual;
				DEVELOPMENT_TEAM = 9WTDZ2EY93;
				INFOPLIST_FILE = "packagesw-mini/Info.plist";
				IPHONEOS_DEPLOYMENT_TARGET = 10.2;
				LD_RUNPATH_SEARCH_PATHS = "$(inherited) @executable_path/Frameworks";
				PRODUCT_BUNDLE_IDENTIFIER = "com.tony.shao.packagesw-mini";
				PRODUCT_NAME = "$(TARGET_NAME)";
				PROVISIONING_PROFILE = "2b5a7821-432d-4752-b2b3-bd059d70f6d6";
				PROVISIONING_PROFILE_SPECIFIER = package;
				SWIFT_VERSION = 4.0;
				TARGETED_DEVICE_FAMILY = "1,2";
			};
			name = Debug;
		};
		B5725D7C1EF90DF400C4BA1A /* Release */ = {
			isa = XCBuildConfiguration;
			buildSettings = {
				ASSETCATALOG_COMPILER_APPICON_NAME = AppIcon;
				"CODE_SIGN_IDENTITY[sdk=iphoneos*]" = "iPhone Developer";
				CODE_SIGN_STYLE = Manual;
				DEVELOPMENT_TEAM = 9WTDZ2EY93;
				INFOPLIST_FILE = "packagesw-mini/Info.plist";
				IPHONEOS_DEPLOYMENT_TARGET = 10.2;
				LD_RUNPATH_SEARCH_PATHS = "$(inherited) @executable_path/Frameworks";
				PRODUCT_BUNDLE_IDENTIFIER = "com.tony.shao.packagesw-mini";
				PRODUCT_NAME = "$(TARGET_NAME)";
				PROVISIONING_PROFILE = "2b5a7821-432d-4752-b2b3-bd059d70f6d6";
				PROVISIONING_PROFILE_SPECIFIER = package;
				SWIFT_VERSION = 4.0;
				TARGETED_DEVICE_FAMILY = "1,2";
			};
			name = Release;
		};
		B5725D7E1EF90DF400C4BA1A /* Debug */ = {
			isa = XCBuildConfiguration;
			buildSettings = {
				ALWAYS_EMBED_SWIFT_STANDARD_LIBRARIES = YES;
				BUNDLE_LOADER = "$(TEST_HOST)";
				DEVELOPMENT_TEAM = 9WTDZ2EY93;
				INFOPLIST_FILE = "packagesw-miniTests/Info.plist";
				LD_RUNPATH_SEARCH_PATHS = "$(inherited) @executable_path/Frameworks @loader_path/Frameworks";
				PRODUCT_BUNDLE_IDENTIFIER = "com.tony.shao.packagesw-miniTests";
				PRODUCT_NAME = "$(TARGET_NAME)";
				SWIFT_VERSION = 4.0;
				TARGETED_DEVICE_FAMILY = "1,2";
				TEST_HOST = "$(BUILT_PRODUCTS_DIR)/packagesw-mini.app/packagesw-mini";
			};
			name = Debug;
		};
		B5725D7F1EF90DF400C4BA1A /* Release */ = {
			isa = XCBuildConfiguration;
			buildSettings = {
				ALWAYS_EMBED_SWIFT_STANDARD_LIBRARIES = YES;
				BUNDLE_LOADER = "$(TEST_HOST)";
				DEVELOPMENT_TEAM = 9WTDZ2EY93;
				INFOPLIST_FILE = "packagesw-miniTests/Info.plist";
				LD_RUNPATH_SEARCH_PATHS = "$(inherited) @executable_path/Frameworks @loader_path/Frameworks";
				PRODUCT_BUNDLE_IDENTIFIER = "com.tony.shao.packagesw-miniTests";
				PRODUCT_NAME = "$(TARGET_NAME)";
				SWIFT_VERSION = 4.0;
				TARGETED_DEVICE_FAMILY = "1,2";
				TEST_HOST = "$(BUILT_PRODUCTS_DIR)/packagesw-mini.app/packagesw-mini";
			};
			name = Release;
		};
		B5725D811EF90DF400C4BA1A /* Debug */ = {
			isa = XCBuildConfiguration;
			buildSettings = {
				ALWAYS_EMBED_SWIFT_STANDARD_LIBRARIES = YES;
				DEVELOPMENT_TEAM = 9WTDZ2EY93;
				INFOPLIST_FILE = "packagesw-miniUITests/Info.plist";
				LD_RUNPATH_SEARCH_PATHS = "$(inherited) @executable_path/Frameworks @loader_path/Frameworks";
				PRODUCT_BUNDLE_IDENTIFIER = "com.tony.shao.packagesw-miniUITests";
				PRODUCT_NAME = "$(TARGET_NAME)";
				SWIFT_VERSION = 4.0;
				TARGETED_DEVICE_FAMILY = "1,2";
				TEST_TARGET_NAME = "packagesw-mini";
			};
			name = Debug;
		};
		B5725D821EF90DF400C4BA1A /* Release */ = {
			isa = XCBuildConfiguration;
			buildSettings = {
				ALWAYS_EMBED_SWIFT_STANDARD_LIBRARIES = YES;
				DEVELOPMENT_TEAM = 9WTDZ2EY93;
				INFOPLIST_FILE = "packagesw-miniUITests/Info.plist";
				LD_RUNPATH_SEARCH_PATHS = "$(inherited) @executable_path/Frameworks @loader_path/Frameworks";
				PRODUCT_BUNDLE_IDENTIFIER = "com.tony.shao.packagesw-miniUITests";
				PRODUCT_NAME = "$(TARGET_NAME)";
				SWIFT_VERSION = 4.0;
				TARGETED_DEVICE_FAMILY = "1,2";
				TEST_TARGET_NAME = "packagesw-mini";
			};
			name = Release;
		};
/* End XCBuildConfiguration section */

/* Begin XCConfigurationList section */
		B5725D4A1EF90DF300C4BA1A /* Build configuration list for PBXProject "packagesw-mini" */ = {
			isa = XCConfigurationList;
			buildConfigurations = (
				B5725D781EF90DF400C4BA1A /* Debug */,
				B5725D791EF90DF400C4BA1A /* Release */,
			);
			defaultConfigurationIsVisible = 0;
			defaultConfigurationName = Release;
		};
		B5725D7A1EF90DF400C4BA1A /* Build configuration list for PBXNativeTarget "packagesw-mini" */ = {
			isa = XCConfigurationList;
			buildConfigurations = (
				B5725D7B1EF90DF400C4BA1A /* Debug */,
				B5725D7C1EF90DF400C4BA1A /* Release */,
			);
			defaultConfigurationIsVisible = 0;
			defaultConfigurationName = Release;
		};
		B5725D7D1EF90DF400C4BA1A /* Build configuration list for PBXNativeTarget "packagesw-miniTests" */ = {
			isa = XCConfigurationList;
			buildConfigurations = (
				B5725D7E1EF90DF400C4BA1A /* Debug */,
				B5725D7F1EF90DF400C4BA1A /* Release */,
			);
			defaultConfigurationIsVisible = 0;
			defaultConfigurationName = Release;
		};
		B5725D801EF90DF400C4BA1A /* Build configuration list for PBXNativeTarget "packagesw-miniUITests" */ = {
			isa = XCConfigurationList;
			buildConfigurations = (
				B5725D811EF90DF400C4BA1A /* Debug */,
				B5725D821EF90DF400C4BA1A /* Release */,
			);
			defaultConfigurationIsVisible = 0;
			defaultConfigurationName = Release;
		};
/* End XCConfigurationList section */

/* Begin XCVersionGroup section */
		B5725D591EF90DF400C4BA1A /* packagesw_mini.xcdatamodeld */ = {
			isa = XCVersionGroup;
			children = (
				B5725D5A1EF90DF400C4BA1A /* packagesw_mini.xcdatamodel */,
			);
			currentVersion = B5725D5A1EF90DF400C4BA1A /* packagesw_mini.xcdatamodel */;
			path = packagesw_mini.xcdatamodeld;
			sourceTree = "<group>";
			versionGroupType = wrapper.xcdatamodel;
		};
/* End XCVersionGroup section */
	};
	rootObject = B5725D471EF90DF300C4BA1A /* Project object */;
}
